// !$*UTF8*$!
{
	archiveVersion = 1;
	classes = {
	};
	objectVersion = 48;
	objects = {

/* Begin PBXBuildFile section */
		57B0ECF51F9735DB0069B519 /* AppDelegate.swift in Sources */ = {isa = PBXBuildFile; fileRef = 57B0ECF41F9735DB0069B519 /* AppDelegate.swift */; };
		57B0ECF71F9735DB0069B519 /* art.scnassets in Resources */ = {isa = PBXBuildFile; fileRef = 57B0ECF61F9735DB0069B519 /* art.scnassets */; };
		57B0ECF91F9735DB0069B519 /* ViewController.swift in Sources */ = {isa = PBXBuildFile; fileRef = 57B0ECF81F9735DB0069B519 /* ViewController.swift */; };
		57B0ECFC1F9735DB0069B519 /* Main.storyboard in Resources */ = {isa = PBXBuildFile; fileRef = 57B0ECFA1F9735DB0069B519 /* Main.storyboard */; };
		57B0ECFE1F9735DB0069B519 /* Assets.xcassets in Resources */ = {isa = PBXBuildFile; fileRef = 57B0ECFD1F9735DB0069B519 /* Assets.xcassets */; };
		57B0ED011F9735DB0069B519 /* LaunchScreen.storyboard in Resources */ = {isa = PBXBuildFile; fileRef = 57B0ECFF1F9735DB0069B519 /* LaunchScreen.storyboard */; };
/* End PBXBuildFile section */

/* Begin PBXFileReference section */
		57B0ECF11F9735DB0069B519 /* ARKit And CoreMl.app */ = {isa = PBXFileReference; explicitFileType = wrapper.application; includeInIndex = 0; path = "ARKit And CoreMl.app"; sourceTree = BUILT_PRODUCTS_DIR; };
		57B0ECF41F9735DB0069B519 /* AppDelegate.swift */ = {isa = PBXFileReference; lastKnownFileType = sourcecode.swift; path = AppDelegate.swift; sourceTree = "<group>"; };
		57B0ECF61F9735DB0069B519 /* art.scnassets */ = {isa = PBXFileReference; lastKnownFileType = wrapper.scnassets; path = art.scnassets; sourceTree = "<group>"; };
		57B0ECF81F9735DB0069B519 /* ViewController.swift */ = {isa = PBXFileReference; lastKnownFileType = sourcecode.swift; path = ViewController.swift; sourceTree = "<group>"; };
		57B0ECFB1F9735DB0069B519 /* Base */ = {isa = PBXFileReference; lastKnownFileType = file.storyboard; name = Base; path = Base.lproj/Main.storyboard; sourceTree = "<group>"; };
		57B0ECFD1F9735DB0069B519 /* Assets.xcassets */ = {isa = PBXFileReference; lastKnownFileType = folder.assetcatalog; path = Assets.xcassets; sourceTree = "<group>"; };
		57B0ED001F9735DB0069B519 /* Base */ = {isa = PBXFileReference; lastKnownFileType = file.storyboard; name = Base; path = Base.lproj/LaunchScreen.storyboard; sourceTree = "<group>"; };
		57B0ED021F9735DB0069B519 /* Info.plist */ = {isa = PBXFileReference; lastKnownFileType = text.plist.xml; path = Info.plist; sourceTree = "<group>"; };
/* End PBXFileReference section */

/* Begin PBXFrameworksBuildPhase section */
		57B0ECEE1F9735DB0069B519 /* Frameworks */ = {
			isa = PBXFrameworksBuildPhase;
			buildActionMask = 2147483647;
			files = (
			);
			runOnlyForDeploymentPostprocessing = 0;
		};
/* End PBXFrameworksBuildPhase section */

/* Begin PBXGroup section */
		57B0ECE81F9735DB0069B519 = {
			isa = PBXGroup;
			children = (
				57B0ECF31F9735DB0069B519 /* ARKit And CoreMl */,
				57B0ECF21F9735DB0069B519 /* Products */,
			);
			sourceTree = "<group>";
		};
		57B0ECF21F9735DB0069B519 /* Products */ = {
			isa = PBXGroup;
			children = (
				57B0ECF11F9735DB0069B519 /* ARKit And CoreMl.app */,
			);
			name = Products;
			sourceTree = "<group>";
		};
		57B0ECF31F9735DB0069B519 /* ARKit And CoreMl */ = {
			isa = PBXGroup;
			children = (
				57B0ECF41F9735DB0069B519 /* AppDelegate.swift */,
				57B0ECF61F9735DB0069B519 /* art.scnassets */,
				57B0ECF81F9735DB0069B519 /* ViewController.swift */,
				57B0ECFA1F9735DB0069B519 /* Main.storyboard */,
				57B0ECFD1F9735DB0069B519 /* Assets.xcassets */,
				57B0ECFF1F9735DB0069B519 /* LaunchScreen.storyboard */,
				57B0ED021F9735DB0069B519 /* Info.plist */,
			);
			path = "ARKit And CoreMl";
			sourceTree = "<group>";
		};
/* End PBXGroup section */

/* Begin PBXNativeTarget section */
		57B0ECF01F9735DB0069B519 /* ARKit And CoreMl */ = {
			isa = PBXNativeTarget;
			buildConfigurationList = 57B0ED051F9735DB0069B519 /* Build configuration list for PBXNativeTarget "ARKit And CoreMl" */;
			buildPhases = (
				57B0ECED1F9735DB0069B519 /* Sources */,
				57B0ECEE1F9735DB0069B519 /* Frameworks */,
				57B0ECEF1F9735DB0069B519 /* Resources */,
			);
			buildRules = (
			);
			dependencies = (
			);
			name = "ARKit And CoreMl";
			productName = "ARKit And CoreMl";
			productReference = 57B0ECF11F9735DB0069B519 /* ARKit And CoreMl.app */;
			productType = "com.apple.product-type.application";
		};
/* End PBXNativeTarget section */

/* Begin PBXProject section */
		57B0ECE91F9735DB0069B519 /* Project object */ = {
			isa = PBXProject;
			attributes = {
				LastSwiftUpdateCheck = 0900;
				LastUpgradeCheck = 0900;
				ORGANIZATIONNAME = Lvmama;
				TargetAttributes = {
					57B0ECF01F9735DB0069B519 = {
						CreatedOnToolsVersion = 9.0;
						ProvisioningStyle = Automatic;
					};
				};
			};
			buildConfigurationList = 57B0ECEC1F9735DB0069B519 /* Build configuration list for PBXProject "ARKit And CoreMl" */;
			compatibilityVersion = "Xcode 8.0";
			developmentRegion = en;
			hasScannedForEncodings = 0;
			knownRegions = (
				en,
				Base,
			);
			mainGroup = 57B0ECE81F9735DB0069B519;
			productRefGroup = 57B0ECF21F9735DB0069B519 /* Products */;
			projectDirPath = "";
			projectRoot = "";
			targets = (
				57B0ECF01F9735DB0069B519 /* ARKit And CoreMl */,
			);
		};
/* End PBXProject section */

/* Begin PBXResourcesBuildPhase section */
		57B0ECEF1F9735DB0069B519 /* Resources */ = {
			isa = PBXResourcesBuildPhase;
			buildActionMask = 2147483647;
			files = (
				57B0ECF71F9735DB0069B519 /* art.scnassets in Resources */,
				57B0ED011F9735DB0069B519 /* LaunchScreen.storyboard in Resources */,
				57B0ECFE1F9735DB0069B519 /* Assets.xcassets in Resources */,
				57B0ECFC1F9735DB0069B519 /* Main.storyboard in Resources */,
			);
			runOnlyForDeploymentPostprocessing = 0;
		};
/* End PBXResourcesBuildPhase section */

/* Begin PBXSourcesBuildPhase section */
		57B0ECED1F9735DB0069B519 /* Sources */ = {
			isa = PBXSourcesBuildPhase;
			buildActionMask = 2147483647;
			files = (
				57B0ECF91F9735DB0069B519 /* ViewController.swift in Sources */,
				57B0ECF51F9735DB0069B519 /* AppDelegate.swift in Sources */,
			);
			runOnlyForDeploymentPostprocessing = 0;
		};
/* End PBXSourcesBuildPhase section */

/* Begin PBXVariantGroup section */
		57B0ECFA1F9735DB0069B519 /* Main.storyboard */ = {
			isa = PBXVariantGroup;
			children = (
				57B0ECFB1F9735DB0069B519 /* Base */,
			);
			name = Main.storyboard;
			sourceTree = "<group>";
		};
		57B0ECFF1F9735DB0069B519 /* LaunchScreen.storyboard */ = {
			isa = PBXVariantGroup;
			children = (
				57B0ED001F9735DB0069B519 /* Base */,
			);
			name = LaunchScreen.storyboard;
			sourceTree = "<group>";
		};
/* End PBXVariantGroup section */

/* Begin XCBuildConfiguration section */
		57B0ED031F9735DB0069B519 /* Debug */ = {
			isa = XCBuildConfiguration;
			buildSettings = {
				ALWAYS_SEARCH_USER_PATHS = NO;
				CLANG_ANALYZER_NONNULL = YES;
				CLANG_ANALYZER_NUMBER_OBJECT_CONVERSION = YES_AGGRESSIVE;
				CLANG_CXX_LANGUAGE_STANDARD = "gnu++14";
				CLANG_CXX_LIBRARY = "libc++";
				CLANG_ENABLE_MODULES = YES;
				CLANG_ENABLE_OBJC_ARC = YES;
				CLANG_WARN_BLOCK_CAPTURE_AUTORELEASING = YES;
				CLANG_WARN_BOOL_CONVERSION = YES;
				CLANG_WARN_COMMA = YES;
				CLANG_WARN_CONSTANT_CONVERSION = YES;
				CLANG_WARN_DIRECT_OBJC_ISA_USAGE = YES_ERROR;
				CLANG_WARN_DOCUMENTATION_COMMENTS = YES;
				CLANG_WARN_EMPTY_BODY = YES;
				CLANG_WARN_ENUM_CONVERSION = YES;
				CLANG_WARN_INFINITE_RECURSION = YES;
				CLANG_WARN_INT_CONVERSION = YES;
				CLANG_WARN_NON_LITERAL_NULL_CONVERSION = YES;
				CLANG_WARN_OBJC_LITERAL_CONVERSION = YES;
				CLANG_WARN_OBJC_ROOT_CLASS = YES_ERROR;
				CLANG_WARN_RANGE_LOOP_ANALYSIS = YES;
				CLANG_WARN_STRICT_PROTOTYPES = YES;
				CLANG_WARN_SUSPICIOUS_MOVE = YES;
				CLANG_WARN_UNGUARDED_AVAILABILITY = YES_AGGRESSIVE;
				CLANG_WARN_UNREACHABLE_CODE = YES;
				CLANG_WARN__DUPLICATE_METHOD_MATCH = YES;
				CODE_SIGN_IDENTITY = "iPhone Developer";
				COPY_PHASE_STRIP = NO;
				DEBUG_INFORMATION_FORMAT = dwarf;
				ENABLE_STRICT_OBJC_MSGSEND = YES;
				ENABLE_TESTABILITY = YES;
				GCC_C_LANGUAGE_STANDARD = gnu11;
				GCC_DYNAMIC_NO_PIC = NO;
				GCC_NO_COMMON_BLOCKS = YES;
				GCC_OPTIMIZATION_LEVEL = 0;
				GCC_PREPROCESSOR_DEFINITIONS = (
					"DEBUG=1",
					"$(inherited)",
				);
				GCC_WARN_64_TO_32_BIT_CONVERSION = YES;
				GCC_WARN_ABOUT_RETURN_TYPE = YES_ERROR;
				GCC_WARN_UNDECLARED_SELECTOR = YES;
				GCC_WARN_UNINITIALIZED_AUTOS = YES_AGGRESSIVE;
				GCC_WARN_UNUSED_FUNCTION = YES;
				GCC_WARN_UNUSED_VARIABLE = YES;
				IPHONEOS_DEPLOYMENT_TARGET = 11.0;
				MTL_ENABLE_DEBUG_INFO = YES;
				ONLY_ACTIVE_ARCH = YES;
				SDKROOT = iphoneos;
				SWIFT_ACTIVE_COMPILATION_CONDITIONS = DEBUG;
				SWIFT_OPTIMIZATION_LEVEL = "-Onone";
			};
			name = Debug;
		};
		57B0ED041F9735DB0069B519 /* Release */ = {
			isa = XCBuildConfiguration;
			buildSettings = {
				ALWAYS_SEARCH_USER_PATHS = NO;
				CLANG_ANALYZER_NONNULL = YES;
				CLANG_ANALYZER_NUMBER_OBJECT_CONVERSION = YES_AGGRESSIVE;
				CLANG_CXX_LANGUAGE_STANDARD = "gnu++14";
				CLANG_CXX_LIBRARY = "libc++";
				CLANG_ENABLE_MODULES = YES;
				CLANG_ENABLE_OBJC_ARC = YES;
				CLANG_WARN_BLOCK_CAPTURE_AUTORELEASING = YES;
				CLANG_WARN_BOOL_CONVERSION = YES;
				CLANG_WARN_COMMA = YES;
				CLANG_WARN_CONSTANT_CONVERSION = YES;
				CLANG_WARN_DIRECT_OBJC_ISA_USAGE = YES_ERROR;
				CLANG_WARN_DOCUMENTATION_COMMENTS = YES;
				CLANG_WARN_EMPTY_BODY = YES;
				CLANG_WARN_ENUM_CONVERSION = YES;
				CLANG_WARN_INFINITE_RECURSION = YES;
				CLANG_WARN_INT_CONVERSION = YES;
				CLANG_WARN_NON_LITERAL_NULL_CONVERSION = YES;
				CLANG_WARN_OBJC_LITERAL_CONVERSION = YES;
				CLANG_WARN_OBJC_ROOT_CLASS = YES_ERROR;
				CLANG_WARN_RANGE_LOOP_ANALYSIS = YES;
				CLANG_WARN_STRICT_PROTOTYPES = YES;
				CLANG_WARN_SUSPICIOUS_MOVE = YES;
				CLANG_WARN_UNGUARDED_AVAILABILITY = YES_AGGRESSIVE;
				CLANG_WARN_UNREACHABLE_CODE = YES;
				CLANG_WARN__DUPLICATE_METHOD_MATCH = YES;
				CODE_SIGN_IDENTITY = "iPhone Developer";
				COPY_PHASE_STRIP = NO;
				DEBUG_INFORMATION_FORMAT = "dwarf-with-dsym";
				ENABLE_NS_ASSERTIONS = NO;
				ENABLE_STRICT_OBJC_MSGSEND = YES;
				GCC_C_LANGUAGE_STANDARD = gnu11;
				GCC_NO_COMMON_BLOCKS = YES;
				GCC_WARN_64_TO_32_BIT_CONVERSION = YES;
				GCC_WARN_ABOUT_RETURN_TYPE = YES_ERROR;
				GCC_WARN_UNDECLARED_SELECTOR = YES;
				GCC_WARN_UNINITIALIZED_AUTOS = YES_AGGRESSIVE;
				GCC_WARN_UNUSED_FUNCTION = YES;
				GCC_WARN_UNUSED_VARIABLE = YES;
				IPHONEOS_DEPLOYMENT_TARGET = 11.0;
				MTL_ENABLE_DEBUG_INFO = NO;
				SDKROOT = iphoneos;
				SWIFT_OPTIMIZATION_LEVEL = "-Owholemodule";
				VALIDATE_PRODUCT = YES;
			};
			name = Release;
		};
		57B0ED061F9735DB0069B519 /* Debug */ = {
			isa = XCBuildConfiguration;
			buildSettings = {
				ASSETCATALOG_COMPILER_APPICON_NAME = AppIcon;
				CODE_SIGN_STYLE = Automatic;
				INFOPLIST_FILE = "ARKit And CoreMl/Info.plist";
				LD_RUNPATH_SEARCH_PATHS = "$(inherited) @executable_path/Frameworks";
				PRODUCT_BUNDLE_IDENTIFIER = "com.Lvmama.ARKit-And-CoreMl";
				PRODUCT_NAME = "$(TARGET_NAME)";
				SWIFT_VERSION = 4.0;
				TARGETED_DEVICE_FAMILY = "1,2";
			};
			name = Debug;
		};
		57B0ED071F9735DB0069B519 /* Release */ = {
			isa = XCBuildConfiguration;
			buildSettings = {
				ASSETCATALOG_COMPILER_APPICON_NAME = AppIcon;
				CODE_SIGN_STYLE = Automatic;
				INFOPLIST_FILE = "ARKit And CoreMl/Info.plist";
				LD_RUNPATH_SEARCH_PATHS = "$(inherited) @executable_path/Frameworks";
				PRODUCT_BUNDLE_IDENTIFIER = "com.Lvmama.ARKit-And-CoreMl";
				PRODUCT_NAME = "$(TARGET_NAME)";
				SWIFT_VERSION = 4.0;
				TARGETED_DEVICE_FAMILY = "1,2";
			};
			name = Release;
		};
/* End XCBuildConfiguration section */

/* Begin XCConfigurationList section */
		57B0ECEC1F9735DB0069B519 /* Build configuration list for PBXProject "ARKit And CoreMl" */ = {
			isa = XCConfigurationList;
			buildConfigurations = (
				57B0ED031F9735DB0069B519 /* Debug */,
				57B0ED041F9735DB0069B519 /* Release */,
			);
			defaultConfigurationIsVisible = 0;
			defaultConfigurationName = Release;
		};
		57B0ED051F9735DB0069B519 /* Build configuration list for PBXNativeTarget "ARKit And CoreMl" */ = {
			isa = XCConfigurationList;
			buildConfigurations = (
				57B0ED061F9735DB0069B519 /* Debug */,
				57B0ED071F9735DB0069B519 /* Release */,
			);
			defaultConfigurationIsVisible = 0;
			defaultConfigurationName = Release;
		};
/* End XCConfigurationList section */
	};
	rootObject = 57B0ECE91F9735DB0069B519 /* Project object */;
}
